
Microsoft Visual Studio Solution File, Format Version 12.00
# Visual Studio 15
VisualStudioVersion = 15.0.27428.2015
MinimumVisualStudioVersion = 10.0.40219.1
Project("{FAE04EC0-301F-11D3-BF4B-00C04F79EFBC}") = "Terminal", "Terminal\Terminal.csproj", "{3363F700-515F-484A-819B-7D5D19656045}"
EndProject
Project("{FAE04EC0-301F-11D3-BF4B-00C04F79EFBC}") = "Terminal.Tests", "Terminal.Tests\Terminal.Tests.csproj", "{206D23D5-D189-44E5-A5EC-1B4711AD5E86}"
EndProject
Project("{FAE04EC0-301F-11D3-BF4B-00C04F79EFBC}") = "Phone", "Phone\Phone.csproj", "{921C7C13-BB47-4132-A7F1-737F2ED83881}"
EndProject
Project("{FAE04EC0-301F-11D3-BF4B-00C04F79EFBC}") = "ExchangeBilling", "ExchangeBilling\ExchangeBilling.csproj", "{0B907C62-8301-4B76-B776-EA9253C8DE17}"
EndProject
Project("{FAE04EC0-301F-11D3-BF4B-00C04F79EFBC}") = "ExchangeBilling.Tests", "ExchangeBilling.Tests\ExchangeBilling.Tests.csproj", "{28C51B25-068C-41A5-A5B2-B15D54E7853C}"
EndProject
Project("{FAE04EC0-301F-11D3-BF4B-00C04F79EFBC}") = "UssdRunner", "UssdRunner\UssdRunner.csproj", "{9B909962-181B-4115-B5D9-8ACC16888CE9}"
EndProject
Project("{FAE04EC0-301F-11D3-BF4B-00C04F79EFBC}") = "Interfaces", "Interfaces\Interfaces.csproj", "{7241964F-9A39-4F08-8C37-94C464D7220B}"
EndProject
Project("{FAE04EC0-301F-11D3-BF4B-00C04F79EFBC}") = "Billing.Interfaces", "Billing.Interfaces\Billing.Interfaces.csproj", "{B37BE6D5-2114-4DF4-8F51-07055DFC3FD5}"
EndProject
Project("{FAE04EC0-301F-11D3-BF4B-00C04F79EFBC}") = "Billing.Data.Interfaces", "Billing.Data.Interfaces\Billing.Data.Interfaces.csproj", "{1ED3A24F-3E6F-40D3-9FF5-87F61D7648D0}"
EndProject
Project("{FAE04EC0-301F-11D3-BF4B-00C04F79EFBC}") = "Billing.Data", "Billing.Data\Billing.Data.csproj", "{78EFC4D4-53D4-4CE0-9747-1C972107A7E1}"
EndProject
Project("{FAE04EC0-301F-11D3-BF4B-00C04F79EFBC}") = "Billing.Tariffication", "Billing.Tariffication\Billing.Tariffication.csproj", "{4466BB96-6A20-4831-91A2-820E2932BC69}"
EndProject
Project("{FAE04EC0-301F-11D3-BF4B-00C04F79EFBC}") = "Port", "Port\Port.csproj", "{747596D8-14D0-4B3E-9635-B7FD0B200DE4}"
EndProject
Project("{FAE04EC0-301F-11D3-BF4B-00C04F79EFBC}") = "PortConnectionFactory", "PortConnectionFactory\PortConnectionFactory.csproj", "{9CFB7F3E-05E3-4ABE-B821-4CE764AC0AB2}"
EndProject
Project("{FAE04EC0-301F-11D3-BF4B-00C04F79EFBC}") = "TelephoneExchange", "TelephoneExchange\TelephoneExchange.csproj", "{CBED4FC1-5C6C-4C15-9A9D-E01D065DD7BF}"
EndProject
Global
	GlobalSection(SolutionConfigurationPlatforms) = preSolution
		Debug|Any CPU = Debug|Any CPU
		Release|Any CPU = Release|Any CPU
	EndGlobalSection
	GlobalSection(ProjectConfigurationPlatforms) = postSolution
		{3363F700-515F-484A-819B-7D5D19656045}.Debug|Any CPU.ActiveCfg = Debug|Any CPU
		{3363F700-515F-484A-819B-7D5D19656045}.Debug|Any CPU.Build.0 = Debug|Any CPU
		{3363F700-515F-484A-819B-7D5D19656045}.Release|Any CPU.ActiveCfg = Release|Any CPU
		{3363F700-515F-484A-819B-7D5D19656045}.Release|Any CPU.Build.0 = Release|Any CPU
		{206D23D5-D189-44E5-A5EC-1B4711AD5E86}.Debug|Any CPU.ActiveCfg = Debug|Any CPU
		{206D23D5-D189-44E5-A5EC-1B4711AD5E86}.Debug|Any CPU.Build.0 = Debug|Any CPU
		{206D23D5-D189-44E5-A5EC-1B4711AD5E86}.Release|Any CPU.ActiveCfg = Release|Any CPU
		{206D23D5-D189-44E5-A5EC-1B4711AD5E86}.Release|Any CPU.Build.0 = Release|Any CPU
		{921C7C13-BB47-4132-A7F1-737F2ED83881}.Debug|Any CPU.ActiveCfg = Debug|Any CPU
		{921C7C13-BB47-4132-A7F1-737F2ED83881}.Debug|Any CPU.Build.0 = Debug|Any CPU
		{921C7C13-BB47-4132-A7F1-737F2ED83881}.Release|Any CPU.ActiveCfg = Release|Any CPU
		{921C7C13-BB47-4132-A7F1-737F2ED83881}.Release|Any CPU.Build.0 = Release|Any CPU
		{0B907C62-8301-4B76-B776-EA9253C8DE17}.Debug|Any CPU.ActiveCfg = Debug|Any CPU
		{0B907C62-8301-4B76-B776-EA9253C8DE17}.Debug|Any CPU.Build.0 = Debug|Any CPU
		{0B907C62-8301-4B76-B776-EA9253C8DE17}.Release|Any CPU.ActiveCfg = Release|Any CPU
		{0B907C62-8301-4B76-B776-EA9253C8DE17}.Release|Any CPU.Build.0 = Release|Any CPU
		{28C51B25-068C-41A5-A5B2-B15D54E7853C}.Debug|Any CPU.ActiveCfg = Debug|Any CPU
		{28C51B25-068C-41A5-A5B2-B15D54E7853C}.Debug|Any CPU.Build.0 = Debug|Any CPU
		{28C51B25-068C-41A5-A5B2-B15D54E7853C}.Release|Any CPU.ActiveCfg = Release|Any CPU
		{28C51B25-068C-41A5-A5B2-B15D54E7853C}.Release|Any CPU.Build.0 = Release|Any CPU
		{9B909962-181B-4115-B5D9-8ACC16888CE9}.Debug|Any CPU.ActiveCfg = Debug|Any CPU
		{9B909962-181B-4115-B5D9-8ACC16888CE9}.Debug|Any CPU.Build.0 = Debug|Any CPU
		{9B909962-181B-4115-B5D9-8ACC16888CE9}.Release|Any CPU.ActiveCfg = Release|Any CPU
		{9B909962-181B-4115-B5D9-8ACC16888CE9}.Release|Any CPU.Build.0 = Release|Any CPU
		{7241964F-9A39-4F08-8C37-94C464D7220B}.Debug|Any CPU.ActiveCfg = Debug|Any CPU
		{7241964F-9A39-4F08-8C37-94C464D7220B}.Debug|Any CPU.Build.0 = Debug|Any CPU
		{7241964F-9A39-4F08-8C37-94C464D7220B}.Release|Any CPU.ActiveCfg = Release|Any CPU
		{7241964F-9A39-4F08-8C37-94C464D7220B}.Release|Any CPU.Build.0 = Release|Any CPU
		{B37BE6D5-2114-4DF4-8F51-07055DFC3FD5}.Debug|Any CPU.ActiveCfg = Debug|Any CPU
		{B37BE6D5-2114-4DF4-8F51-07055DFC3FD5}.Debug|Any CPU.Build.0 = Debug|Any CPU
		{B37BE6D5-2114-4DF4-8F51-07055DFC3FD5}.Release|Any CPU.ActiveCfg = Release|Any CPU
		{B37BE6D5-2114-4DF4-8F51-07055DFC3FD5}.Release|Any CPU.Build.0 = Release|Any CPU
		{1ED3A24F-3E6F-40D3-9FF5-87F61D7648D0}.Debug|Any CPU.ActiveCfg = Debug|Any CPU
		{1ED3A24F-3E6F-40D3-9FF5-87F61D7648D0}.Debug|Any CPU.Build.0 = Debug|Any CPU
		{1ED3A24F-3E6F-40D3-9FF5-87F61D7648D0}.Release|Any CPU.ActiveCfg = Release|Any CPU
		{1ED3A24F-3E6F-40D3-9FF5-87F61D7648D0}.Release|Any CPU.Build.0 = Release|Any CPU
		{78EFC4D4-53D4-4CE0-9747-1C972107A7E1}.Debug|Any CPU.ActiveCfg = Debug|Any CPU
		{78EFC4D4-53D4-4CE0-9747-1C972107A7E1}.Debug|Any CPU.Build.0 = Debug|Any CPU
		{78EFC4D4-53D4-4CE0-9747-1C972107A7E1}.Release|Any CPU.ActiveCfg = Release|Any CPU
		{78EFC4D4-53D4-4CE0-9747-1C972107A7E1}.Release|Any CPU.Build.0 = Release|Any CPU
		{4466BB96-6A20-4831-91A2-820E2932BC69}.Debug|Any CPU.ActiveCfg = Debug|Any CPU
		{4466BB96-6A20-4831-91A2-820E2932BC69}.Debug|Any CPU.Build.0 = Debug|Any CPU
		{4466BB96-6A20-4831-91A2-820E2932BC69}.Release|Any CPU.ActiveCfg = Release|Any CPU
		{4466BB96-6A20-4831-91A2-820E2932BC69}.Release|Any CPU.Build.0 = Release|Any CPU
		{747596D8-14D0-4B3E-9635-B7FD0B200DE4}.Debug|Any CPU.ActiveCfg = Debug|Any CPU
		{747596D8-14D0-4B3E-9635-B7FD0B200DE4}.Debug|Any CPU.Build.0 = Debug|Any CPU
		{747596D8-14D0-4B3E-9635-B7FD0B200DE4}.Release|Any CPU.ActiveCfg = Release|Any CPU
		{747596D8-14D0-4B3E-9635-B7FD0B200DE4}.Release|Any CPU.Build.0 = Release|Any CPU
		{9CFB7F3E-05E3-4ABE-B821-4CE764AC0AB2}.Debug|Any CPU.ActiveCfg = Debug|Any CPU
		{9CFB7F3E-05E3-4ABE-B821-4CE764AC0AB2}.Debug|Any CPU.Build.0 = Debug|Any CPU
		{9CFB7F3E-05E3-4ABE-B821-4CE764AC0AB2}.Release|Any CPU.ActiveCfg = Release|Any CPU
		{9CFB7F3E-05E3-4ABE-B821-4CE764AC0AB2}.Release|Any CPU.Build.0 = Release|Any CPU
		{CBED4FC1-5C6C-4C15-9A9D-E01D065DD7BF}.Debug|Any CPU.ActiveCfg = Debug|Any CPU
		{CBED4FC1-5C6C-4C15-9A9D-E01D065DD7BF}.Debug|Any CPU.Build.0 = Debug|Any CPU
		{CBED4FC1-5C6C-4C15-9A9D-E01D065DD7BF}.Release|Any CPU.ActiveCfg = Release|Any CPU
		{CBED4FC1-5C6C-4C15-9A9D-E01D065DD7BF}.Release|Any CPU.Build.0 = Release|Any CPU
	EndGlobalSection
	GlobalSection(SolutionProperties) = preSolution
		HideSolutionNode = FALSE
	EndGlobalSection
	GlobalSection(ExtensibilityGlobals) = postSolution
		SolutionGuid = {9AECC710-FC0B-4CC1-B52B-03B5317D603C}
	EndGlobalSection
EndGlobal
